
Microsoft Visual Studio Solution File, Format Version 12.00
# Visual Studio Version 16
VisualStudioVersion = 16.0.30413.136
MinimumVisualStudioVersion = 10.0.40219.1
Project("{FAE04EC0-301F-11D3-BF4B-00C04F79EFBC}") = "biaoge lianxi", "biaoge lianxi.csproj", "{5CFDE04B-3069-40FD-9655-BD48081037DB}"
EndProject
Global
	GlobalSection(SolutionConfigurationPlatforms) = preSolution
		Debug|Any CPU = Debug|Any CPU
		Release|Any CPU = Release|Any CPU
	EndGlobalSection
	GlobalSection(ProjectConfigurationPlatforms) = postSolution
		{5CFDE04B-3069-40FD-9655-BD48081037DB}.Debug|Any CPU.ActiveCfg = Debug|Any CPU
		{5CFDE04B-3069-40FD-9655-BD48081037DB}.Debug|Any CPU.Build.0 = Debug|Any CPU
		{5CFDE04B-3069-40FD-9655-BD48081037DB}.Release|Any CPU.ActiveCfg = Release|Any CPU
		{5CFDE04B-3069-40FD-9655-BD48081037DB}.Release|Any CPU.Build.0 = Release|Any CPU
	EndGlobalSection
	GlobalSection(SolutionProperties) = preSolution
		HideSolutionNode = FALSE
	EndGlobalSection
	GlobalSection(ExtensibilityGlobals) = postSolution
		SolutionGuid = {DD0E344A-32A4-435E-A108-2D95CE55B632}
	EndGlobalSection
EndGlobal
